// !$*UTF8*$!
{
	archiveVersion = 1;
	classes = {
	};
	objectVersion = 56;
	objects = {

/* Begin PBXBuildFile section */
		D47BF41F2A1BC4D6000E3EA8 /* GoTechApp.swift in Sources */ = {isa = PBXBuildFile; fileRef = D47BF41E2A1BC4D6000E3EA8 /* GoTechApp.swift */; };
		D47BF4212A1BC4D6000E3EA8 /* ContentView.swift in Sources */ = {isa = PBXBuildFile; fileRef = D47BF4202A1BC4D6000E3EA8 /* ContentView.swift */; };
		D47BF4232A1BC4D8000E3EA8 /* Assets.xcassets in Resources */ = {isa = PBXBuildFile; fileRef = D47BF4222A1BC4D8000E3EA8 /* Assets.xcassets */; };
		D47BF4262A1BC4D8000E3EA8 /* Preview Assets.xcassets in Resources */ = {isa = PBXBuildFile; fileRef = D47BF4252A1BC4D8000E3EA8 /* Preview Assets.xcassets */; };
		D47BF4332A1BC83C000E3EA8 /* Answer.swift in Sources */ = {isa = PBXBuildFile; fileRef = D47BF4322A1BC83C000E3EA8 /* Answer.swift */; };
		D47BF4352A1BC84D000E3EA8 /* Question.swift in Sources */ = {isa = PBXBuildFile; fileRef = D47BF4342A1BC84D000E3EA8 /* Question.swift */; };
		D47BF4372A1BC885000E3EA8 /* Survey.swift in Sources */ = {isa = PBXBuildFile; fileRef = D47BF4362A1BC885000E3EA8 /* Survey.swift */; };
		D47BF4392A1BC8F6000E3EA8 /* APIService.swift in Sources */ = {isa = PBXBuildFile; fileRef = D47BF4382A1BC8F6000E3EA8 /* APIService.swift */; };
		D47BF43D2A1BCA60000E3EA8 /* SurveyViewModel.swift in Sources */ = {isa = PBXBuildFile; fileRef = D47BF43C2A1BCA60000E3EA8 /* SurveyViewModel.swift */; };
		D47BF43F2A1BCB49000E3EA8 /* QuestionViewModel.swift in Sources */ = {isa = PBXBuildFile; fileRef = D47BF43E2A1BCB49000E3EA8 /* QuestionViewModel.swift */; };
		D47BF4412A1BCC3D000E3EA8 /* QuestionView.swift in Sources */ = {isa = PBXBuildFile; fileRef = D47BF4402A1BCC3D000E3EA8 /* QuestionView.swift */; };
		D47BF4432A1BCF7C000E3EA8 /* StringExtensions.swift in Sources */ = {isa = PBXBuildFile; fileRef = D47BF4422A1BCF7C000E3EA8 /* StringExtensions.swift */; };
		D47BF4452A1BE441000E3EA8 /* SurveyView.swift in Sources */ = {isa = PBXBuildFile; fileRef = D47BF4442A1BE441000E3EA8 /* SurveyView.swift */; };
/* End PBXBuildFile section */

/* Begin PBXFileReference section */
		D47BF41B2A1BC4D6000E3EA8 /* GoTech.app */ = {isa = PBXFileReference; explicitFileType = wrapper.application; includeInIndex = 0; path = GoTech.app; sourceTree = BUILT_PRODUCTS_DIR; };
		D47BF41E2A1BC4D6000E3EA8 /* GoTechApp.swift */ = {isa = PBXFileReference; lastKnownFileType = sourcecode.swift; path = GoTechApp.swift; sourceTree = "<group>"; };
		D47BF4202A1BC4D6000E3EA8 /* ContentView.swift */ = {isa = PBXFileReference; lastKnownFileType = sourcecode.swift; path = ContentView.swift; sourceTree = "<group>"; };
		D47BF4222A1BC4D8000E3EA8 /* Assets.xcassets */ = {isa = PBXFileReference; lastKnownFileType = folder.assetcatalog; path = Assets.xcassets; sourceTree = "<group>"; };
		D47BF4252A1BC4D8000E3EA8 /* Preview Assets.xcassets */ = {isa = PBXFileReference; lastKnownFileType = folder.assetcatalog; path = "Preview Assets.xcassets"; sourceTree = "<group>"; };
		D47BF4322A1BC83C000E3EA8 /* Answer.swift */ = {isa = PBXFileReference; lastKnownFileType = sourcecode.swift; path = Answer.swift; sourceTree = "<group>"; };
		D47BF4342A1BC84D000E3EA8 /* Question.swift */ = {isa = PBXFileReference; lastKnownFileType = sourcecode.swift; path = Question.swift; sourceTree = "<group>"; };
		D47BF4362A1BC885000E3EA8 /* Survey.swift */ = {isa = PBXFileReference; lastKnownFileType = sourcecode.swift; path = Survey.swift; sourceTree = "<group>"; };
		D47BF4382A1BC8F6000E3EA8 /* APIService.swift */ = {isa = PBXFileReference; lastKnownFileType = sourcecode.swift; path = APIService.swift; sourceTree = "<group>"; };
		D47BF43C2A1BCA60000E3EA8 /* SurveyViewModel.swift */ = {isa = PBXFileReference; lastKnownFileType = sourcecode.swift; path = SurveyViewModel.swift; sourceTree = "<group>"; };
		D47BF43E2A1BCB49000E3EA8 /* QuestionViewModel.swift */ = {isa = PBXFileReference; lastKnownFileType = sourcecode.swift; path = QuestionViewModel.swift; sourceTree = "<group>"; };
		D47BF4402A1BCC3D000E3EA8 /* QuestionView.swift */ = {isa = PBXFileReference; lastKnownFileType = sourcecode.swift; path = QuestionView.swift; sourceTree = "<group>"; };
		D47BF4422A1BCF7C000E3EA8 /* StringExtensions.swift */ = {isa = PBXFileReference; lastKnownFileType = sourcecode.swift; path = StringExtensions.swift; sourceTree = "<group>"; };
		D47BF4442A1BE441000E3EA8 /* SurveyView.swift */ = {isa = PBXFileReference; lastKnownFileType = sourcecode.swift; path = SurveyView.swift; sourceTree = "<group>"; };
		D47BF4462A1BEE27000E3EA8 /* Info.plist */ = {isa = PBXFileReference; lastKnownFileType = text.plist; path = Info.plist; sourceTree = "<group>"; };
/* End PBXFileReference section */

/* Begin PBXFrameworksBuildPhase section */
		D47BF4182A1BC4D6000E3EA8 /* Frameworks */ = {
			isa = PBXFrameworksBuildPhase;
			buildActionMask = 2147483647;
			files = (
			);
			runOnlyForDeploymentPostprocessing = 0;
		};
/* End PBXFrameworksBuildPhase section */

/* Begin PBXGroup section */
		D47BF4122A1BC4D6000E3EA8 = {
			isa = PBXGroup;
			children = (
				D47BF41D2A1BC4D6000E3EA8 /* GoTech */,
				D47BF41C2A1BC4D6000E3EA8 /* Products */,
			);
			sourceTree = "<group>";
		};
		D47BF41C2A1BC4D6000E3EA8 /* Products */ = {
			isa = PBXGroup;
			children = (
				D47BF41B2A1BC4D6000E3EA8 /* GoTech.app */,
			);
			name = Products;
			sourceTree = "<group>";
		};
		D47BF41D2A1BC4D6000E3EA8 /* GoTech */ = {
			isa = PBXGroup;
			children = (
				D47BF4462A1BEE27000E3EA8 /* Info.plist */,
				D47BF4312A1BC575000E3EA8 /* Extensions */,
				D47BF42F2A1BC564000E3EA8 /* Services */,
				D47BF42E2A1BC55A000E3EA8 /* ViewModels */,
				D47BF42D2A1BC54E000E3EA8 /* Views */,
				D47BF42C2A1BC546000E3EA8 /* Models */,
				D47BF41E2A1BC4D6000E3EA8 /* GoTechApp.swift */,
				D47BF4202A1BC4D6000E3EA8 /* ContentView.swift */,
				D47BF4222A1BC4D8000E3EA8 /* Assets.xcassets */,
				D47BF4242A1BC4D8000E3EA8 /* Preview Content */,
			);
			path = GoTech;
			sourceTree = "<group>";
		};
		D47BF4242A1BC4D8000E3EA8 /* Preview Content */ = {
			isa = PBXGroup;
			children = (
				D47BF4252A1BC4D8000E3EA8 /* Preview Assets.xcassets */,
			);
			path = "Preview Content";
			sourceTree = "<group>";
		};
		D47BF42C2A1BC546000E3EA8 /* Models */ = {
			isa = PBXGroup;
			children = (
				D47BF4322A1BC83C000E3EA8 /* Answer.swift */,
				D47BF4342A1BC84D000E3EA8 /* Question.swift */,
				D47BF4362A1BC885000E3EA8 /* Survey.swift */,
			);
			path = Models;
			sourceTree = "<group>";
		};
		D47BF42D2A1BC54E000E3EA8 /* Views */ = {
			isa = PBXGroup;
			children = (
				D47BF4402A1BCC3D000E3EA8 /* QuestionView.swift */,
				D47BF4442A1BE441000E3EA8 /* SurveyView.swift */,
			);
			path = Views;
			sourceTree = "<group>";
		};
		D47BF42E2A1BC55A000E3EA8 /* ViewModels */ = {
			isa = PBXGroup;
			children = (
				D47BF43C2A1BCA60000E3EA8 /* SurveyViewModel.swift */,
				D47BF43E2A1BCB49000E3EA8 /* QuestionViewModel.swift */,
			);
			path = ViewModels;
			sourceTree = "<group>";
		};
		D47BF42F2A1BC564000E3EA8 /* Services */ = {
			isa = PBXGroup;
			children = (
				D47BF4382A1BC8F6000E3EA8 /* APIService.swift */,
			);
			path = Services;
			sourceTree = "<group>";
		};
		D47BF4312A1BC575000E3EA8 /* Extensions */ = {
			isa = PBXGroup;
			children = (
				D47BF4422A1BCF7C000E3EA8 /* StringExtensions.swift */,
			);
			path = Extensions;
			sourceTree = "<group>";
		};
/* End PBXGroup section */

/* Begin PBXNativeTarget section */
		D47BF41A2A1BC4D6000E3EA8 /* GoTech */ = {
			isa = PBXNativeTarget;
			buildConfigurationList = D47BF4292A1BC4D8000E3EA8 /* Build configuration list for PBXNativeTarget "GoTech" */;
			buildPhases = (
				D47BF4172A1BC4D6000E3EA8 /* Sources */,
				D47BF4182A1BC4D6000E3EA8 /* Frameworks */,
				D47BF4192A1BC4D6000E3EA8 /* Resources */,
			);
			buildRules = (
			);
			dependencies = (
			);
			name = GoTech;
			productName = GoTech;
			productReference = D47BF41B2A1BC4D6000E3EA8 /* GoTech.app */;
			productType = "com.apple.product-type.application";
		};
/* End PBXNativeTarget section */

/* Begin PBXProject section */
		D47BF4132A1BC4D6000E3EA8 /* Project object */ = {
			isa = PBXProject;
			attributes = {
				BuildIndependentTargetsInParallel = 1;
				LastSwiftUpdateCheck = 1430;
				LastUpgradeCheck = 1430;
				TargetAttributes = {
					D47BF41A2A1BC4D6000E3EA8 = {
						CreatedOnToolsVersion = 14.3;
					};
				};
			};
			buildConfigurationList = D47BF4162A1BC4D6000E3EA8 /* Build configuration list for PBXProject "GoTech" */;
			compatibilityVersion = "Xcode 14.0";
			developmentRegion = en;
			hasScannedForEncodings = 0;
			knownRegions = (
				en,
				Base,
			);
			mainGroup = D47BF4122A1BC4D6000E3EA8;
			productRefGroup = D47BF41C2A1BC4D6000E3EA8 /* Products */;
			projectDirPath = "";
			projectRoot = "";
			targets = (
				D47BF41A2A1BC4D6000E3EA8 /* GoTech */,
			);
		};
/* End PBXProject section */

/* Begin PBXResourcesBuildPhase section */
		D47BF4192A1BC4D6000E3EA8 /* Resources */ = {
			isa = PBXResourcesBuildPhase;
			buildActionMask = 2147483647;
			files = (
				D47BF4262A1BC4D8000E3EA8 /* Preview Assets.xcassets in Resources */,
				D47BF4232A1BC4D8000E3EA8 /* Assets.xcassets in Resources */,
			);
			runOnlyForDeploymentPostprocessing = 0;
		};
/* End PBXResourcesBuildPhase section */

/* Begin PBXSourcesBuildPhase section */
		D47BF4172A1BC4D6000E3EA8 /* Sources */ = {
			isa = PBXSourcesBuildPhase;
			buildActionMask = 2147483647;
			files = (
				D47BF4412A1BCC3D000E3EA8 /* QuestionView.swift in Sources */,
				D47BF4332A1BC83C000E3EA8 /* Answer.swift in Sources */,
				D47BF4352A1BC84D000E3EA8 /* Question.swift in Sources */,
				D47BF43D2A1BCA60000E3EA8 /* SurveyViewModel.swift in Sources */,
				D47BF4372A1BC885000E3EA8 /* Survey.swift in Sources */,
				D47BF4212A1BC4D6000E3EA8 /* ContentView.swift in Sources */,
				D47BF4432A1BCF7C000E3EA8 /* StringExtensions.swift in Sources */,
				D47BF4392A1BC8F6000E3EA8 /* APIService.swift in Sources */,
				D47BF4452A1BE441000E3EA8 /* SurveyView.swift in Sources */,
				D47BF41F2A1BC4D6000E3EA8 /* GoTechApp.swift in Sources */,
				D47BF43F2A1BCB49000E3EA8 /* QuestionViewModel.swift in Sources */,
			);
			runOnlyForDeploymentPostprocessing = 0;
		};
/* End PBXSourcesBuildPhase section */

/* Begin XCBuildConfiguration section */
		D47BF4272A1BC4D8000E3EA8 /* Debug */ = {
			isa = XCBuildConfiguration;
			buildSettings = {
				ALWAYS_SEARCH_USER_PATHS = NO;
				CLANG_ANALYZER_NONNULL = YES;
				CLANG_ANALYZER_NUMBER_OBJECT_CONVERSION = YES_AGGRESSIVE;
				CLANG_CXX_LANGUAGE_STANDARD = "gnu++20";
				CLANG_ENABLE_MODULES = YES;
				CLANG_ENABLE_OBJC_ARC = YES;
				CLANG_ENABLE_OBJC_WEAK = YES;
				CLANG_WARN_BLOCK_CAPTURE_AUTORELEASING = YES;
				CLANG_WARN_BOOL_CONVERSION = YES;
				CLANG_WARN_COMMA = YES;
				CLANG_WARN_CONSTANT_CONVERSION = YES;
				CLANG_WARN_DEPRECATED_OBJC_IMPLEMENTATIONS = YES;
				CLANG_WARN_DIRECT_OBJC_ISA_USAGE = YES_ERROR;
				CLANG_WARN_DOCUMENTATION_COMMENTS = YES;
				CLANG_WARN_EMPTY_BODY = YES;
				CLANG_WARN_ENUM_CONVERSION = YES;
				CLANG_WARN_INFINITE_RECURSION = YES;
				CLANG_WARN_INT_CONVERSION = YES;
				CLANG_WARN_NON_LITERAL_NULL_CONVERSION = YES;
				CLANG_WARN_OBJC_IMPLICIT_RETAIN_SELF = YES;
				CLANG_WARN_OBJC_LITERAL_CONVERSION = YES;
				CLANG_WARN_OBJC_ROOT_CLASS = YES_ERROR;
				CLANG_WARN_QUOTED_INCLUDE_IN_FRAMEWORK_HEADER = YES;
				CLANG_WARN_RANGE_LOOP_ANALYSIS = YES;
				CLANG_WARN_STRICT_PROTOTYPES = YES;
				CLANG_WARN_SUSPICIOUS_MOVE = YES;
				CLANG_WARN_UNGUARDED_AVAILABILITY = YES_AGGRESSIVE;
				CLANG_WARN_UNREACHABLE_CODE = YES;
				CLANG_WARN__DUPLICATE_METHOD_MATCH = YES;
				COPY_PHASE_STRIP = NO;
				DEBUG_INFORMATION_FORMAT = dwarf;
				ENABLE_STRICT_OBJC_MSGSEND = YES;
				ENABLE_TESTABILITY = YES;
				GCC_C_LANGUAGE_STANDARD = gnu11;
				GCC_DYNAMIC_NO_PIC = NO;
				GCC_NO_COMMON_BLOCKS = YES;
				GCC_OPTIMIZATION_LEVEL = 0;
				GCC_PREPROCESSOR_DEFINITIONS = (
					"DEBUG=1",
					"$(inherited)",
				);
				GCC_WARN_64_TO_32_BIT_CONVERSION = YES;
				GCC_WARN_ABOUT_RETURN_TYPE = YES_ERROR;
				GCC_WARN_UNDECLARED_SELECTOR = YES;
				GCC_WARN_UNINITIALIZED_AUTOS = YES_AGGRESSIVE;
				GCC_WARN_UNUSED_FUNCTION = YES;
				GCC_WARN_UNUSED_VARIABLE = YES;
				IPHONEOS_DEPLOYMENT_TARGET = 16.4;
				MTL_ENABLE_DEBUG_INFO = INCLUDE_SOURCE;
				MTL_FAST_MATH = YES;
				ONLY_ACTIVE_ARCH = YES;
				SDKROOT = iphoneos;
				SWIFT_ACTIVE_COMPILATION_CONDITIONS = DEBUG;
				SWIFT_OPTIMIZATION_LEVEL = "-Onone";
			};
			name = Debug;
		};
		D47BF4282A1BC4D8000E3EA8 /* Release */ = {
			isa = XCBuildConfiguration;
			buildSettings = {
				ALWAYS_SEARCH_USER_PATHS = NO;
				CLANG_ANALYZER_NONNULL = YES;
				CLANG_ANALYZER_NUMBER_OBJECT_CONVERSION = YES_AGGRESSIVE;
				CLANG_CXX_LANGUAGE_STANDARD = "gnu++20";
				CLANG_ENABLE_MODULES = YES;
				CLANG_ENABLE_OBJC_ARC = YES;
				CLANG_ENABLE_OBJC_WEAK = YES;
				CLANG_WARN_BLOCK_CAPTURE_AUTORELEASING = YES;
				CLANG_WARN_BOOL_CONVERSION = YES;
				CLANG_WARN_COMMA = YES;
				CLANG_WARN_CONSTANT_CONVERSION = YES;
				CLANG_WARN_DEPRECATED_OBJC_IMPLEMENTATIONS = YES;
				CLANG_WARN_DIRECT_OBJC_ISA_USAGE = YES_ERROR;
				CLANG_WARN_DOCUMENTATION_COMMENTS = YES;
				CLANG_WARN_EMPTY_BODY = YES;
				CLANG_WARN_ENUM_CONVERSION = YES;
				CLANG_WARN_INFINITE_RECURSION = YES;
				CLANG_WARN_INT_CONVERSION = YES;
				CLANG_WARN_NON_LITERAL_NULL_CONVERSION = YES;
				CLANG_WARN_OBJC_IMPLICIT_RETAIN_SELF = YES;
				CLANG_WARN_OBJC_LITERAL_CONVERSION = YES;
				CLANG_WARN_OBJC_ROOT_CLASS = YES_ERROR;
				CLANG_WARN_QUOTED_INCLUDE_IN_FRAMEWORK_HEADER = YES;
				CLANG_WARN_RANGE_LOOP_ANALYSIS = YES;
				CLANG_WARN_STRICT_PROTOTYPES = YES;
				CLANG_WARN_SUSPICIOUS_MOVE = YES;
				CLANG_WARN_UNGUARDED_AVAILABILITY = YES_AGGRESSIVE;
				CLANG_WARN_UNREACHABLE_CODE = YES;
				CLANG_WARN__DUPLICATE_METHOD_MATCH = YES;
				COPY_PHASE_STRIP = NO;
				DEBUG_INFORMATION_FORMAT = "dwarf-with-dsym";
				ENABLE_NS_ASSERTIONS = NO;
				ENABLE_STRICT_OBJC_MSGSEND = YES;
				GCC_C_LANGUAGE_STANDARD = gnu11;
				GCC_NO_COMMON_BLOCKS = YES;
				GCC_WARN_64_TO_32_BIT_CONVERSION = YES;
				GCC_WARN_ABOUT_RETURN_TYPE = YES_ERROR;
				GCC_WARN_UNDECLARED_SELECTOR = YES;
				GCC_WARN_UNINITIALIZED_AUTOS = YES_AGGRESSIVE;
				GCC_WARN_UNUSED_FUNCTION = YES;
				GCC_WARN_UNUSED_VARIABLE = YES;
				IPHONEOS_DEPLOYMENT_TARGET = 16.4;
				MTL_ENABLE_DEBUG_INFO = NO;
				MTL_FAST_MATH = YES;
				SDKROOT = iphoneos;
				SWIFT_COMPILATION_MODE = wholemodule;
				SWIFT_OPTIMIZATION_LEVEL = "-O";
				VALIDATE_PRODUCT = YES;
			};
			name = Release;
		};
		D47BF42A2A1BC4D8000E3EA8 /* Debug */ = {
			isa = XCBuildConfiguration;
			buildSettings = {
				ASSETCATALOG_COMPILER_APPICON_NAME = AppIcon;
				ASSETCATALOG_COMPILER_GLOBAL_ACCENT_COLOR_NAME = AccentColor;
				CODE_SIGN_STYLE = Automatic;
				CURRENT_PROJECT_VERSION = 1;
				DEVELOPMENT_ASSET_PATHS = "\"GoTech/Preview Content\"";
				DEVELOPMENT_TEAM = GAH72SPMY9;
				ENABLE_PREVIEWS = YES;
				GENERATE_INFOPLIST_FILE = YES;
				INFOPLIST_FILE = GoTech/Info.plist;
				INFOPLIST_KEY_CFBundleDisplayName = GoTech;
				INFOPLIST_KEY_LSApplicationCategoryType = "";
				INFOPLIST_KEY_UIApplicationSceneManifest_Generation = YES;
				INFOPLIST_KEY_UIApplicationSupportsIndirectInputEvents = YES;
				INFOPLIST_KEY_UILaunchScreen_Generation = YES;
				INFOPLIST_KEY_UISupportedInterfaceOrientations = UIInterfaceOrientationPortrait;
				LD_RUNPATH_SEARCH_PATHS = (
					"$(inherited)",
					"@executable_path/Frameworks",
				);
				MARKETING_VERSION = 1.0;
				PRODUCT_BUNDLE_IDENTIFIER = thenoco.co.GoTech;
				PRODUCT_NAME = "$(TARGET_NAME)";
				SWIFT_EMIT_LOC_STRINGS = YES;
				SWIFT_VERSION = 5.0;
				TARGETED_DEVICE_FAMILY = "1,2";
			};
			name = Debug;
		};
		D47BF42B2A1BC4D8000E3EA8 /* Release */ = {
			isa = XCBuildConfiguration;
			buildSettings = {
				ASSETCATALOG_COMPILER_APPICON_NAME = AppIcon;
				ASSETCATALOG_COMPILER_GLOBAL_ACCENT_COLOR_NAME = AccentColor;
				CODE_SIGN_STYLE = Automatic;
				CURRENT_PROJECT_VERSION = 1;
				DEVELOPMENT_ASSET_PATHS = "\"GoTech/Preview Content\"";
				DEVELOPMENT_TEAM = GAH72SPMY9;
				ENABLE_PREVIEWS = YES;
				GENERATE_INFOPLIST_FILE = YES;
				INFOPLIST_FILE = GoTech/Info.plist;
				INFOPLIST_KEY_CFBundleDisplayName = GoTech;
				INFOPLIST_KEY_LSApplicationCategoryType = "";
				INFOPLIST_KEY_UIApplicationSceneManifest_Generation = YES;
				INFOPLIST_KEY_UIApplicationSupportsIndirectInputEvents = YES;
				INFOPLIST_KEY_UILaunchScreen_Generation = YES;
				INFOPLIST_KEY_UISupportedInterfaceOrientations = UIInterfaceOrientationPortrait;
				LD_RUNPATH_SEARCH_PATHS = (
					"$(inherited)",
					"@executable_path/Frameworks",
				);
				MARKETING_VERSION = 1.0;
				PRODUCT_BUNDLE_IDENTIFIER = thenoco.co.GoTech;
				PRODUCT_NAME = "$(TARGET_NAME)";
				SWIFT_EMIT_LOC_STRINGS = YES;
				SWIFT_VERSION = 5.0;
				TARGETED_DEVICE_FAMILY = "1,2";
			};
			name = Release;
		};
/* End XCBuildConfiguration section */

/* Begin XCConfigurationList section */
		D47BF4162A1BC4D6000E3EA8 /* Build configuration list for PBXProject "GoTech" */ = {
			isa = XCConfigurationList;
			buildConfigurations = (
				D47BF4272A1BC4D8000E3EA8 /* Debug */,
				D47BF4282A1BC4D8000E3EA8 /* Release */,
			);
			defaultConfigurationIsVisible = 0;
			defaultConfigurationName = Release;
		};
		D47BF4292A1BC4D8000E3EA8 /* Build configuration list for PBXNativeTarget "GoTech" */ = {
			isa = XCConfigurationList;
			buildConfigurations = (
				D47BF42A2A1BC4D8000E3EA8 /* Debug */,
				D47BF42B2A1BC4D8000E3EA8 /* Release */,
			);
			defaultConfigurationIsVisible = 0;
			defaultConfigurationName = Release;
		};
/* End XCConfigurationList section */
	};
	rootObject = D47BF4132A1BC4D6000E3EA8 /* Project object */;
}
